{
  "name": "server",
  "version": "1.0.0",
  "lockfileVersion": 1,
  "requires": true,
  "dependencies": {
    "accepts": {
      "version": "1.3.6",
      "resolved": "http://jfrog.cloud.qiyi.domain:80/api/npm/npm/accepts/-/accepts-1.3.6.tgz",
      "integrity": "sha1-J96GgvCDPpZt3lxdemPshSMQbks=",
      "requires": {
        "mime-types": "~2.1.24",
        "negotiator": "0.6.1"
      }
    },
    "after": {
      "version": "0.8.2",
      "resolved": "http://jfrog.cloud.qiyi.domain:80/api/npm/npm/after/-/after-0.8.2.tgz",
      "integrity": "sha1-/ts5T58OAqqXaOcCvaI7UF+ufh8="
    },
    "aggregate-error": {
      "version": "1.0.0",
      "resolved": "http://jfrog.cloud.qiyi.domain:80/api/npm/npm/aggregate-error/-/aggregate-error-1.0.0.tgz",
      "integrity": "sha1-iINE2tAiCnLjr1CQYRf0h3GSX6w=",
      "requires": {
        "clean-stack": "^1.0.0",
        "indent-string": "^3.0.0"
      }
    },
    "any-promise": {
      "version": "1.3.0",
      "resolved": "http://jfrog.cloud.qiyi.domain:80/api/npm/npm/any-promise/-/any-promise-1.3.0.tgz",
      "integrity": "sha1-q8av7tzqUugJzcA3au0845Y10X8="
    },
    "arraybuffer.slice": {
      "version": "0.0.7",
      "resolved": "http://jfrog.cloud.qiyi.domain:80/api/npm/npm/arraybuffer.slice/-/arraybuffer.slice-0.0.7.tgz",
      "integrity": "sha1-O7xCdd1YTMGxCAm4nU6LY6aednU="
    },
    "async": {
      "version": "2.6.1",
      "resolved": "http://jfrog.cloud.qiyi.domain:80/api/npm/npm/async/-/async-2.6.1.tgz",
      "integrity": "sha1-skWiPKcZMAROxT+kaqAKPofGphA=",
      "requires": {
        "lodash": "^4.17.10"
      }
    },
    "async-limiter": {
      "version": "1.0.0",
      "resolved": "http://jfrog.cloud.qiyi.domain:80/api/npm/npm/async-limiter/-/async-limiter-1.0.0.tgz",
      "integrity": "sha1-ePrtjD0HSrgfIrTphdeehzj3IPg="
    },
    "backo2": {
      "version": "1.0.2",
      "resolved": "http://jfrog.cloud.qiyi.domain:80/api/npm/npm/backo2/-/backo2-1.0.2.tgz",
      "integrity": "sha1-MasayLEpNjRj41s+u2n038+6eUc="
    },
    "base64-arraybuffer": {
      "version": "0.1.5",
      "resolved": "http://jfrog.cloud.qiyi.domain:80/api/npm/npm/base64-arraybuffer/-/base64-arraybuffer-0.1.5.tgz",
      "integrity": "sha1-c5JncZI7Whl0etZmqlzUv5xunOg="
    },
    "base64id": {
      "version": "1.0.0",
      "resolved": "http://jfrog.cloud.qiyi.domain:80/api/npm/npm/base64id/-/base64id-1.0.0.tgz",
      "integrity": "sha1-R2iMuZu2gE8OBtPnY7HDLlfY5rY="
    },
    "better-assert": {
      "version": "1.0.2",
      "resolved": "http://jfrog.cloud.qiyi.domain:80/api/npm/npm/better-assert/-/better-assert-1.0.2.tgz",
      "integrity": "sha1-QIZrnhueC1W0gYlDEeaPr/rrxSI=",
      "requires": {
        "callsite": "1.0.0"
      }
    },
    "blob": {
      "version": "0.0.5",
      "resolved": "http://jfrog.cloud.qiyi.domain:80/api/npm/npm/blob/-/blob-0.0.5.tgz",
      "integrity": "sha1-1oDu7yX4zZGtUz9bAe7UjmTK9oM="
    },
    "bluebird": {
      "version": "3.5.1",
      "resolved": "http://jfrog.cloud.qiyi.domain:80/api/npm/npm/bluebird/-/bluebird-3.5.1.tgz",
      "integrity": "sha1-2VUfnemPH82h5oPRfukaBgLuLrk="
    },
    "bson": {
      "version": "1.1.1",
      "resolved": "http://jfrog.cloud.qiyi.domain:80/api/npm/npm/bson/-/bson-1.1.1.tgz",
      "integrity": "sha1-QzD16ZEExOdR5zUYWeLUCCefLxM="
    },
    "buffer-equal-constant-time": {
      "version": "1.0.1",
      "resolved": "http://jfrog.cloud.qiyi.domain:80/api/npm/npm/buffer-equal-constant-time/-/buffer-equal-constant-time-1.0.1.tgz",
      "integrity": "sha1-+OcRMvf/5uAaXJaXpMbz5I1cyBk="
    },
    "bytes": {
      "version": "3.1.0",
      "resolved": "http://jfrog.cloud.qiyi.domain:80/api/npm/npm/bytes/-/bytes-3.1.0.tgz",
      "integrity": "sha1-9s95M6Ng4FiPqf3oVlHNx/gF0fY="
    },
    "cache-content-type": {
      "version": "1.0.1",
      "resolved": "http://jfrog.cloud.qiyi.domain:80/api/npm/npm/cache-content-type/-/cache-content-type-1.0.1.tgz",
      "integrity": "sha1-A1zeKwjuISn0qDFeqPAKANuhRTw=",
      "requires": {
        "mime-types": "^2.1.18",
        "ylru": "^1.2.0"
      }
    },
    "callsite": {
      "version": "1.0.0",
      "resolved": "http://jfrog.cloud.qiyi.domain:80/api/npm/npm/callsite/-/callsite-1.0.0.tgz",
      "integrity": "sha1-KAOY5dZkvXQDi28JBRU+borxvCA="
    },
    "clean-stack": {
      "version": "1.3.0",
      "resolved": "http://jfrog.cloud.qiyi.domain:80/api/npm/npm/clean-stack/-/clean-stack-1.3.0.tgz",
      "integrity": "sha1-noIVAa6XmYbEax1m0tQy2y/UrjE="
    },
    "co": {
      "version": "4.6.0",
      "resolved": "http://jfrog.cloud.qiyi.domain:80/api/npm/npm/co/-/co-4.6.0.tgz",
      "integrity": "sha1-bqa989hTrlTMuOR7+gvz+QMfsYQ="
    },
    "co-body": {
      "version": "6.0.0",
      "resolved": "http://jfrog.cloud.qiyi.domain:80/api/npm/npm/co-body/-/co-body-6.0.0.tgz",
      "integrity": "sha1-lluTN9f1ZVSAeHRx9CN2ZIIIJ+M=",
      "requires": {
        "inflation": "^2.0.0",
        "qs": "^6.5.2",
        "raw-body": "^2.3.3",
        "type-is": "^1.6.16"
      }
    },
    "component-bind": {
      "version": "1.0.0",
      "resolved": "http://jfrog.cloud.qiyi.domain:80/api/npm/npm/component-bind/-/component-bind-1.0.0.tgz",
      "integrity": "sha1-AMYIq33Nk4l8AAllGx06jh5zu9E="
    },
    "component-emitter": {
      "version": "1.2.1",
      "resolved": "http://jfrog.cloud.qiyi.domain:80/api/npm/npm/component-emitter/-/component-emitter-1.2.1.tgz",
      "integrity": "sha1-E3kY1teCg/ffemt8WmPhQOaUJeY="
    },
    "component-inherit": {
      "version": "0.0.3",
      "resolved": "http://jfrog.cloud.qiyi.domain:80/api/npm/npm/component-inherit/-/component-inherit-0.0.3.tgz",
      "integrity": "sha1-ZF/ErfWLcrZJ1crmUTVhnbJv8UM="
    },
    "content-disposition": {
      "version": "0.5.3",
      "resolved": "http://jfrog.cloud.qiyi.domain:80/api/npm/npm/content-disposition/-/content-disposition-0.5.3.tgz",
      "integrity": "sha1-4TDK9+cnkIfFYWwgB9BIVpiYT70=",
      "requires": {
        "safe-buffer": "5.1.2"
      }
    },
    "content-type": {
      "version": "1.0.4",
      "resolved": "http://jfrog.cloud.qiyi.domain:80/api/npm/npm/content-type/-/content-type-1.0.4.tgz",
      "integrity": "sha1-4TjMdeBAxyexlm/l5fjJruJW/js="
    },
    "cookie": {
      "version": "0.3.1",
      "resolved": "http://jfrog.cloud.qiyi.domain:80/api/npm/npm/cookie/-/cookie-0.3.1.tgz",
      "integrity": "sha1-5+Ch+e9DtMi6klxcWpboBtFoc7s="
    },
    "cookies": {
      "version": "0.7.3",
      "resolved": "http://jfrog.cloud.qiyi.domain:80/api/npm/npm/cookies/-/cookies-0.7.3.tgz",
      "integrity": "sha1-eRLOIfvy6MLacM8cPzUa7PWdrfo=",
      "requires": {
        "depd": "~1.1.2",
        "keygrip": "~1.0.3"
      }
    },
    "copy-to": {
      "version": "2.0.1",
      "resolved": "http://jfrog.cloud.qiyi.domain:80/api/npm/npm/copy-to/-/copy-to-2.0.1.tgz",
      "integrity": "sha1-JoD7uAaKSNCGVrYJgJK9r8kG9KU="
    },
    "debug": {
      "version": "3.1.0",
      "resolved": "http://jfrog.cloud.qiyi.domain:80/api/npm/npm/debug/-/debug-3.1.0.tgz",
      "integrity": "sha1-W7WgZyYotkFJVmuhaBnmFRjGcmE=",
      "requires": {
        "ms": "2.0.0"
      }
    },
    "deep-equal": {
      "version": "1.0.1",
      "resolved": "http://jfrog.cloud.qiyi.domain:80/api/npm/npm/deep-equal/-/deep-equal-1.0.1.tgz",
      "integrity": "sha1-9dJgKStmDghO/0zbyfCK0yR0SLU="
    },
    "delegates": {
      "version": "1.0.0",
      "resolved": "http://jfrog.cloud.qiyi.domain:80/api/npm/npm/delegates/-/delegates-1.0.0.tgz",
      "integrity": "sha1-hMbhWbgZBP3KWaDvRM2HDTElD5o="
    },
    "depd": {
      "version": "1.1.2",
      "resolved": "http://jfrog.cloud.qiyi.domain:80/api/npm/npm/depd/-/depd-1.1.2.tgz",
      "integrity": "sha1-m81S4UwJd2PnSbJ0xDRu0uVgtak="
    },
    "destroy": {
      "version": "1.0.4",
      "resolved": "http://jfrog.cloud.qiyi.domain:80/api/npm/npm/destroy/-/destroy-1.0.4.tgz",
      "integrity": "sha1-l4hXRCxEdJ5CBmE+N5RiBYJqvYA="
    },
    "ecdsa-sig-formatter": {
      "version": "1.0.11",
      "resolved": "http://jfrog.cloud.qiyi.domain:80/api/npm/npm/ecdsa-sig-formatter/-/ecdsa-sig-formatter-1.0.11.tgz",
      "integrity": "sha1-rg8PothQRe8UqBfao86azQSJ5b8=",
      "requires": {
        "safe-buffer": "^5.0.1"
      }
    },
    "ee-first": {
      "version": "1.1.1",
      "resolved": "http://jfrog.cloud.qiyi.domain:80/api/npm/npm/ee-first/-/ee-first-1.1.1.tgz",
      "integrity": "sha1-WQxhFWsK4vTwJVcyoViyZrxWsh0="
    },
    "engine.io": {
      "version": "3.3.2",
      "resolved": "http://jfrog.cloud.qiyi.domain:80/api/npm/npm/engine.io/-/engine.io-3.3.2.tgz",
      "integrity": "sha1-GMvItvNulGHFwPgd8rgw3hYFilk=",
      "requires": {
        "accepts": "~1.3.4",
        "base64id": "1.0.0",
        "cookie": "0.3.1",
        "debug": "~3.1.0",
        "engine.io-parser": "~2.1.0",
        "ws": "~6.1.0"
      }
    },
    "engine.io-client": {
      "version": "3.3.2",
      "resolved": "http://jfrog.cloud.qiyi.domain:80/api/npm/npm/engine.io-client/-/engine.io-client-3.3.2.tgz",
      "integrity": "sha1-BOBoeY11vtoUN1omS7PXQte8M6o=",
      "requires": {
        "component-emitter": "1.2.1",
        "component-inherit": "0.0.3",
        "debug": "~3.1.0",
        "engine.io-parser": "~2.1.1",
        "has-cors": "1.1.0",
        "indexof": "0.0.1",
        "parseqs": "0.0.5",
        "parseuri": "0.0.5",
        "ws": "~6.1.0",
        "xmlhttprequest-ssl": "~1.5.4",
        "yeast": "0.1.2"
      }
    },
    "engine.io-parser": {
      "version": "2.1.3",
      "resolved": "http://jfrog.cloud.qiyi.domain:80/api/npm/npm/engine.io-parser/-/engine.io-parser-2.1.3.tgz",
      "integrity": "sha1-dXq5cPvy37Mse3SwMyFtVznveaY=",
      "requires": {
        "after": "0.8.2",
        "arraybuffer.slice": "~0.0.7",
        "base64-arraybuffer": "0.1.5",
        "blob": "0.0.5",
        "has-binary2": "~1.0.2"
      }
    },
    "error-inject": {
      "version": "1.0.0",
      "resolved": "http://jfrog.cloud.qiyi.domain:80/api/npm/npm/error-inject/-/error-inject-1.0.0.tgz",
      "integrity": "sha1-4rPZG1Su1nLzCdlQ0VSFD6EdTzc="
    },
    "escape-html": {
      "version": "1.0.3",
      "resolved": "http://jfrog.cloud.qiyi.domain:80/api/npm/npm/escape-html/-/escape-html-1.0.3.tgz",
      "integrity": "sha1-Aljq5NPQwJdN4cFpGI7wBR0dGYg="
    },
    "fresh": {
      "version": "0.5.2",
      "resolved": "http://jfrog.cloud.qiyi.domain:80/api/npm/npm/fresh/-/fresh-0.5.2.tgz",
      "integrity": "sha1-PYyt2Q2XZWn6g1qx+OSyOhBWBac="
    },
    "has-binary2": {
      "version": "1.0.3",
      "resolved": "http://jfrog.cloud.qiyi.domain:80/api/npm/npm/has-binary2/-/has-binary2-1.0.3.tgz",
      "integrity": "sha1-d3asYn8+p3JQz8My2rfd9eT10R0=",
      "requires": {
        "isarray": "2.0.1"
      },
      "dependencies": {
        "isarray": {
          "version": "2.0.1",
          "resolved": "http://jfrog.cloud.qiyi.domain:80/api/npm/npm/isarray/-/isarray-2.0.1.tgz",
          "integrity": "sha1-o32U7ZzaLVmGXJ92/llu4fM4dB4="
        }
      }
    },
    "has-cors": {
      "version": "1.1.0",
      "resolved": "http://jfrog.cloud.qiyi.domain:80/api/npm/npm/has-cors/-/has-cors-1.1.0.tgz",
      "integrity": "sha1-XkdHk/fqmEPRu5nCPu9J/xJv/zk="
    },
    "http-assert": {
      "version": "1.4.1",
      "resolved": "http://jfrog.cloud.qiyi.domain:80/api/npm/npm/http-assert/-/http-assert-1.4.1.tgz",
      "integrity": "sha1-xfcl1neqfoc+9zYZm4lobM6zeHg=",
      "requires": {
        "deep-equal": "~1.0.1",
        "http-errors": "~1.7.2"
      }
    },
    "http-errors": {
      "version": "1.7.2",
      "resolved": "http://jfrog.cloud.qiyi.domain:80/api/npm/npm/http-errors/-/http-errors-1.7.2.tgz",
      "integrity": "sha1-T1ApzxMjnzEDblsuVSkrz7zIXI8=",
      "requires": {
        "depd": "~1.1.2",
        "inherits": "2.0.3",
        "setprototypeof": "1.1.1",
        "statuses": ">= 1.5.0 < 2",
        "toidentifier": "1.0.0"
      }
    },
    "iconv-lite": {
      "version": "0.4.24",
      "resolved": "http://jfrog.cloud.qiyi.domain:80/api/npm/npm/iconv-lite/-/iconv-lite-0.4.24.tgz",
      "integrity": "sha1-ICK0sl+93CHS9SSXSkdKr+czkIs=",
      "requires": {
        "safer-buffer": ">= 2.1.2 < 3"
      }
    },
    "indent-string": {
      "version": "3.2.0",
      "resolved": "http://jfrog.cloud.qiyi.domain:80/api/npm/npm/indent-string/-/indent-string-3.2.0.tgz",
      "integrity": "sha1-Sl/W0nzDMvN+VBmlBNu4NxBckok="
    },
    "indexof": {
      "version": "0.0.1",
      "resolved": "http://jfrog.cloud.qiyi.domain:80/api/npm/npm/indexof/-/indexof-0.0.1.tgz",
      "integrity": "sha1-gtwzbSMrkGIXnQWrMpOmYFn9Q10="
    },
    "inflation": {
      "version": "2.0.0",
      "resolved": "http://jfrog.cloud.qiyi.domain:80/api/npm/npm/inflation/-/inflation-2.0.0.tgz",
      "integrity": "sha1-i0F+R8KPklpFEz2RTKH9OJEH8w8="
    },
    "inherits": {
      "version": "2.0.3",
      "resolved": "http://jfrog.cloud.qiyi.domain:80/api/npm/npm/inherits/-/inherits-2.0.3.tgz",
      "integrity": "sha1-Yzwsg+PaQqUC9SRmAiSA9CCCYd4="
    },
    "is-generator-function": {
      "version": "1.0.7",
      "resolved": "http://jfrog.cloud.qiyi.domain:80/api/npm/npm/is-generator-function/-/is-generator-function-1.0.7.tgz",
      "integrity": "sha1-0hMuUpuwAAp/gHlNS99c1eWBNSI="
    },
    "isarray": {
      "version": "0.0.1",
      "resolved": "http://jfrog.cloud.qiyi.domain:80/api/npm/npm/isarray/-/isarray-0.0.1.tgz",
      "integrity": "sha1-ihis/Kmo9Bd+Cav8YDiTmwXR7t8="
    },
    "jsonwebtoken": {
      "version": "8.3.0",
      "resolved": "http://jfrog.cloud.qiyi.domain:80/api/npm/npm/jsonwebtoken/-/jsonwebtoken-8.3.0.tgz",
      "integrity": "sha1-BWyQ7ummXtbmxy3bCh0yUQmq9kM=",
      "requires": {
        "jws": "^3.1.5",
        "lodash.includes": "^4.3.0",
        "lodash.isboolean": "^3.0.3",
        "lodash.isinteger": "^4.0.4",
        "lodash.isnumber": "^3.0.3",
        "lodash.isplainobject": "^4.0.6",
        "lodash.isstring": "^4.0.1",
        "lodash.once": "^4.0.0",
        "ms": "^2.1.1"
      },
      "dependencies": {
        "ms": {
          "version": "2.1.1",
          "resolved": "http://jfrog.cloud.qiyi.domain:80/api/npm/npm/ms/-/ms-2.1.1.tgz",
          "integrity": "sha1-MKWGTrPrsKZvLr5tcnrwagnYbgo="
        }
      }
    },
    "jwa": {
      "version": "1.4.1",
      "resolved": "http://jfrog.cloud.qiyi.domain:80/api/npm/npm/jwa/-/jwa-1.4.1.tgz",
      "integrity": "sha1-dDwymFy56YZVUw1TZBtmyGRbA5o=",
      "requires": {
        "buffer-equal-constant-time": "1.0.1",
        "ecdsa-sig-formatter": "1.0.11",
        "safe-buffer": "^5.0.1"
      }
    },
    "jws": {
      "version": "3.2.2",
      "resolved": "http://jfrog.cloud.qiyi.domain:80/api/npm/npm/jws/-/jws-3.2.2.tgz",
      "integrity": "sha1-ABCZ82OUaMlBQADpmZX6UvtHgwQ=",
      "requires": {
        "jwa": "^1.4.1",
        "safe-buffer": "^5.0.1"
      }
    },
    "kareem": {
      "version": "2.3.0",
      "resolved": "http://jfrog.cloud.qiyi.domain:80/api/npm/npm/kareem/-/kareem-2.3.0.tgz",
      "integrity": "sha1-7zPELpAk3OUR7q9EDNaE868fx2k="
    },
    "keygrip": {
      "version": "1.0.3",
      "resolved": "http://jfrog.cloud.qiyi.domain:80/api/npm/npm/keygrip/-/keygrip-1.0.3.tgz",
      "integrity": "sha1-OZ1wnwrtK6sKBZ4M3TpQI6BT4dw="
    },
    "koa": {
      "version": "2.7.0",
      "resolved": "http://jfrog.cloud.qiyi.domain:80/api/npm/npm/koa/-/koa-2.7.0.tgz",
      "integrity": "sha1-fgCENQaUK52CxswzdJ9lfG5eet8=",
      "requires": {
        "accepts": "^1.3.5",
        "cache-content-type": "^1.0.0",
        "content-disposition": "~0.5.2",
        "content-type": "^1.0.4",
        "cookies": "~0.7.1",
        "debug": "~3.1.0",
        "delegates": "^1.0.0",
        "depd": "^1.1.2",
        "destroy": "^1.0.4",
        "error-inject": "^1.0.0",
        "escape-html": "^1.0.3",
        "fresh": "~0.5.2",
        "http-assert": "^1.3.0",
        "http-errors": "^1.6.3",
        "is-generator-function": "^1.0.7",
        "koa-compose": "^4.1.0",
        "koa-convert": "^1.2.0",
        "koa-is-json": "^1.0.0",
        "on-finished": "^2.3.0",
        "only": "~0.0.2",
        "parseurl": "^1.3.2",
        "statuses": "^1.5.0",
        "type-is": "^1.6.16",
        "vary": "^1.1.2"
      }
    },
    "koa-bodyparser": {
      "version": "4.2.1",
      "resolved": "http://jfrog.cloud.qiyi.domain:80/api/npm/npm/koa-bodyparser/-/koa-bodyparser-4.2.1.tgz",
      "integrity": "sha1-TX2stebbEQZkm1ldnlzLFYtvOyk=",
      "requires": {
        "co-body": "^6.0.0",
        "copy-to": "^2.0.1"
      }
    },
    "koa-compose": {
      "version": "4.1.0",
      "resolved": "http://jfrog.cloud.qiyi.domain:80/api/npm/npm/koa-compose/-/koa-compose-4.1.0.tgz",
      "integrity": "sha1-UHMGuTcZAdtBEhyBLpI9DWfT6Hc="
    },
    "koa-convert": {
      "version": "1.2.0",
      "resolved": "http://jfrog.cloud.qiyi.domain:80/api/npm/npm/koa-convert/-/koa-convert-1.2.0.tgz",
      "integrity": "sha1-2kCHXfSd4FOQmNFwC1CCDOvNIdA=",
      "requires": {
        "co": "^4.6.0",
        "koa-compose": "^3.0.0"
      },
      "dependencies": {
        "koa-compose": {
          "version": "3.2.1",
          "resolved": "http://jfrog.cloud.qiyi.domain:80/api/npm/npm/koa-compose/-/koa-compose-3.2.1.tgz",
          "integrity": "sha1-qFzLQLfZhtjlo0Wzoazo6rz1Tec=",
          "requires": {
            "any-promise": "^1.1.0"
          }
        }
      }
    },
    "koa-is-json": {
      "version": "1.0.0",
      "resolved": "http://jfrog.cloud.qiyi.domain:80/api/npm/npm/koa-is-json/-/koa-is-json-1.0.0.tgz",
      "integrity": "sha1-JzwH7c3Ljfaiwat9We52SRRR7BQ="
    },
    "koa-jwt": {
      "version": "3.5.1",
      "resolved": "http://jfrog.cloud.qiyi.domain:80/api/npm/npm/koa-jwt/-/koa-jwt-3.5.1.tgz",
      "integrity": "sha1-CyDkXDoPk8mo30LxBXs64ATg+Ek=",
      "requires": {
        "jsonwebtoken": "8.3.0",
        "koa-unless": "1.0.7",
        "p-any": "1.1.0"
      }
    },
    "koa-router": {
      "version": "7.4.0",
      "resolved": "http://jfrog.cloud.qiyi.domain:80/api/npm/npm/koa-router/-/koa-router-7.4.0.tgz",
      "integrity": "sha1-ruH3rcAtXLMdfWdGXJ6syCXoxeA=",
      "requires": {
        "debug": "^3.1.0",
        "http-errors": "^1.3.1",
        "koa-compose": "^3.0.0",
        "methods": "^1.0.1",
        "path-to-regexp": "^1.1.1",
        "urijs": "^1.19.0"
      },
      "dependencies": {
        "koa-compose": {
          "version": "3.2.1",
          "resolved": "http://jfrog.cloud.qiyi.domain:80/api/npm/npm/koa-compose/-/koa-compose-3.2.1.tgz",
          "integrity": "sha1-qFzLQLfZhtjlo0Wzoazo6rz1Tec=",
          "requires": {
            "any-promise": "^1.1.0"
          }
        }
      }
    },
    "koa-unless": {
      "version": "1.0.7",
      "resolved": "http://jfrog.cloud.qiyi.domain:80/api/npm/npm/koa-unless/-/koa-unless-1.0.7.tgz",
      "integrity": "sha1-ud83XitNowQ5GNSGIlIMLAt58DI="
    },
    "lodash": {
      "version": "4.17.11",
      "resolved": "http://jfrog.cloud.qiyi.domain:80/api/npm/npm/lodash/-/lodash-4.17.11.tgz",
      "integrity": "sha1-s56mIp72B+zYniyN8SU2iRysm40="
    },
    "lodash.includes": {
      "version": "4.3.0",
      "resolved": "http://jfrog.cloud.qiyi.domain:80/api/npm/npm/lodash.includes/-/lodash.includes-4.3.0.tgz",
      "integrity": "sha1-YLuYqHy5I8aMoeUTJUgzFISfVT8="
    },
    "lodash.isboolean": {
      "version": "3.0.3",
      "resolved": "http://jfrog.cloud.qiyi.domain:80/api/npm/npm/lodash.isboolean/-/lodash.isboolean-3.0.3.tgz",
      "integrity": "sha1-bC4XHbKiV82WgC/UOwGyDV9YcPY="
    },
    "lodash.isinteger": {
      "version": "4.0.4",
      "resolved": "http://jfrog.cloud.qiyi.domain:80/api/npm/npm/lodash.isinteger/-/lodash.isinteger-4.0.4.tgz",
      "integrity": "sha1-YZwK89A/iwTDH1iChAt3sRzWg0M="
    },
    "lodash.isnumber": {
      "version": "3.0.3",
      "resolved": "http://jfrog.cloud.qiyi.domain:80/api/npm/npm/lodash.isnumber/-/lodash.isnumber-3.0.3.tgz",
      "integrity": "sha1-POdoEMWSjQM1IwGsKHMX8RwLH/w="
    },
    "lodash.isplainobject": {
      "version": "4.0.6",
      "resolved": "http://jfrog.cloud.qiyi.domain:80/api/npm/npm/lodash.isplainobject/-/lodash.isplainobject-4.0.6.tgz",
      "integrity": "sha1-fFJqUtibRcRcxpC4gWO+BJf1UMs="
    },
    "lodash.isstring": {
      "version": "4.0.1",
      "resolved": "http://jfrog.cloud.qiyi.domain:80/api/npm/npm/lodash.isstring/-/lodash.isstring-4.0.1.tgz",
      "integrity": "sha1-1SfftUVuynzJu5XV2ur4i6VKVFE="
    },
    "lodash.once": {
      "version": "4.1.1",
      "resolved": "http://jfrog.cloud.qiyi.domain:80/api/npm/npm/lodash.once/-/lodash.once-4.1.1.tgz",
      "integrity": "sha1-DdOXEhPHxW34gJd9UEyI+0cal6w="
    },
    "media-typer": {
      "version": "0.3.0",
      "resolved": "http://jfrog.cloud.qiyi.domain:80/api/npm/npm/media-typer/-/media-typer-0.3.0.tgz",
      "integrity": "sha1-hxDXrwqmJvj/+hzgAWhUUmMlV0g="
    },
    "memory-pager": {
      "version": "1.5.0",
      "resolved": "http://jfrog.cloud.qiyi.domain:80/api/npm/npm/memory-pager/-/memory-pager-1.5.0.tgz",
      "integrity": "sha1-2HUWVdItOEaCdByXLyw9bfo+ZrU=",
      "optional": true
    },
    "methods": {
      "version": "1.1.2",
      "resolved": "http://jfrog.cloud.qiyi.domain:80/api/npm/npm/methods/-/methods-1.1.2.tgz",
      "integrity": "sha1-VSmk1nZUE07cxSZmVoNbD4Ua/O4="
    },
    "mime-db": {
      "version": "1.40.0",
      "resolved": "http://jfrog.cloud.qiyi.domain:80/api/npm/npm/mime-db/-/mime-db-1.40.0.tgz",
      "integrity": "sha1-plBX6ZjbCQ9zKmj2wnbTh9QSbDI="
    },
    "mime-types": {
      "version": "2.1.24",
      "resolved": "http://jfrog.cloud.qiyi.domain:80/api/npm/npm/mime-types/-/mime-types-2.1.24.tgz",
      "integrity": "sha1-tvjQs+lR77d97eyhlM/20W9nb4E=",
      "requires": {
        "mime-db": "1.40.0"
      }
    },
    "mongodb": {
      "version": "3.2.2",
      "resolved": "http://jfrog.cloud.qiyi.domain:80/api/npm/npm/mongodb/-/mongodb-3.2.2.tgz",
      "integrity": "sha1-SbWSvjzVAJf3jglkSI0YwuGJ3iA=",
      "requires": {
        "mongodb-core": "3.2.2",
        "safe-buffer": "^5.1.2"
      }
    },
    "mongodb-core": {
      "version": "3.2.2",
      "resolved": "http://jfrog.cloud.qiyi.domain:80/api/npm/npm/mongodb-core/-/mongodb-core-3.2.2.tgz",
      "integrity": "sha1-0cCEs0wQKpi0c0CHgAEV5jnZB8U=",
      "requires": {
        "bson": "^1.1.1",
        "require_optional": "^1.0.1",
        "safe-buffer": "^5.1.2",
        "saslprep": "^1.0.0"
      }
    },
    "mongoose": {
      "version": "5.5.4",
      "resolved": "http://jfrog.cloud.qiyi.domain:80/api/npm/npm/mongoose/-/mongoose-5.5.4.tgz",
      "integrity": "sha1-d7BmTdfkmgoVjR64P25TQztXtIs=",
      "requires": {
        "async": "2.6.1",
        "bson": "~1.1.1",
        "kareem": "2.3.0",
        "mongodb": "3.2.2",
        "mongodb-core": "3.2.2",
        "mongoose-legacy-pluralize": "1.0.2",
        "mpath": "0.5.2",
        "mquery": "3.2.0",
        "ms": "2.1.1",
        "regexp-clone": "0.0.1",
        "safe-buffer": "5.1.2",
        "sift": "7.0.1",
        "sliced": "1.0.1"
      },
      "dependencies": {
        "ms": {
          "version": "2.1.1",
          "resolved": "http://jfrog.cloud.qiyi.domain:80/api/npm/npm/ms/-/ms-2.1.1.tgz",
          "integrity": "sha1-MKWGTrPrsKZvLr5tcnrwagnYbgo="
        }
      }
    },
    "mongoose-legacy-pluralize": {
      "version": "1.0.2",
      "resolved": "http://jfrog.cloud.qiyi.domain:80/api/npm/npm/mongoose-legacy-pluralize/-/mongoose-legacy-pluralize-1.0.2.tgz",
      "integrity": "sha1-O6n5H6UHtRhtOZ+0CFS/8Y+1Y+Q="
    },
    "mpath": {
      "version": "0.5.2",
      "resolved": "http://jfrog.cloud.qiyi.domain:80/api/npm/npm/mpath/-/mpath-0.5.2.tgz",
      "integrity": "sha1-serFht/7UXXS9RypqsujXZlA3UE="
    },
    "mquery": {
      "version": "3.2.0",
      "resolved": "http://jfrog.cloud.qiyi.domain:80/api/npm/npm/mquery/-/mquery-3.2.0.tgz",
      "integrity": "sha1-4nZHKr1RCWhqFesqjgdh24E8gcw=",
      "requires": {
        "bluebird": "3.5.1",
        "debug": "3.1.0",
        "regexp-clone": "0.0.1",
        "safe-buffer": "5.1.2",
        "sliced": "1.0.1"
      }
    },
    "ms": {
      "version": "2.0.0",
      "resolved": "http://jfrog.cloud.qiyi.domain:80/api/npm/npm/ms/-/ms-2.0.0.tgz",
      "integrity": "sha1-VgiurfwAvmwpAd9fmGF4jeDVl8g="
    },
    "negotiator": {
      "version": "0.6.1",
      "resolved": "http://jfrog.cloud.qiyi.domain:80/api/npm/npm/negotiator/-/negotiator-0.6.1.tgz",
      "integrity": "sha1-KzJxhOiZIQEXeyhWP7XnECrNDKk="
    },
    "object-component": {
      "version": "0.0.3",
      "resolved": "http://jfrog.cloud.qiyi.domain:80/api/npm/npm/object-component/-/object-component-0.0.3.tgz",
      "integrity": "sha1-8MaapQ78lbhmwYb0AKM3acsvEpE="
    },
    "on-finished": {
      "version": "2.3.0",
      "resolved": "http://jfrog.cloud.qiyi.domain:80/api/npm/npm/on-finished/-/on-finished-2.3.0.tgz",
      "integrity": "sha1-IPEzZIGwg811M3mSoWlxqi2QaUc=",
      "requires": {
        "ee-first": "1.1.1"
      }
    },
    "only": {
      "version": "0.0.2",
      "resolved": "http://jfrog.cloud.qiyi.domain:80/api/npm/npm/only/-/only-0.0.2.tgz",
      "integrity": "sha1-Kv3oTQPlC5qO3EROMGEKcCle37Q="
    },
    "p-any": {
      "version": "1.1.0",
      "resolved": "http://jfrog.cloud.qiyi.domain:80/api/npm/npm/p-any/-/p-any-1.1.0.tgz",
      "integrity": "sha1-HQODXH7tHjS45TnEe3tg0NAV1OE=",
      "requires": {
        "p-some": "^2.0.0"
      }
    },
    "p-some": {
      "version": "2.0.1",
      "resolved": "http://jfrog.cloud.qiyi.domain:80/api/npm/npm/p-some/-/p-some-2.0.1.tgz",
      "integrity": "sha1-Zdh8ixVO289SIdFnd4ttLhUPbwY=",
      "requires": {
        "aggregate-error": "^1.0.0"
      }
    },
    "parseqs": {
      "version": "0.0.5",
      "resolved": "http://jfrog.cloud.qiyi.domain:80/api/npm/npm/parseqs/-/parseqs-0.0.5.tgz",
      "integrity": "sha1-1SCKNzjkZ2bikbouoXNoSSGouJ0=",
      "requires": {
        "better-assert": "~1.0.0"
      }
    },
    "parseuri": {
      "version": "0.0.5",
      "resolved": "http://jfrog.cloud.qiyi.domain:80/api/npm/npm/parseuri/-/parseuri-0.0.5.tgz",
      "integrity": "sha1-gCBKUNTbt3m/3G6+J3jZDkvOMgo=",
      "requires": {
        "better-assert": "~1.0.0"
      }
    },
    "parseurl": {
      "version": "1.3.3",
      "resolved": "http://jfrog.cloud.qiyi.domain:80/api/npm/npm/parseurl/-/parseurl-1.3.3.tgz",
      "integrity": "sha1-naGee+6NEt/wUT7Vt2lXeTvC6NQ="
    },
    "path-to-regexp": {
      "version": "1.7.0",
      "resolved": "http://jfrog.cloud.qiyi.domain:80/api/npm/npm/path-to-regexp/-/path-to-regexp-1.7.0.tgz",
      "integrity": "sha1-Wf3g9DW62suhA6hOnTvGTpa5k30=",
      "requires": {
        "isarray": "0.0.1"
      }
    },
    "qs": {
      "version": "6.7.0",
      "resolved": "http://jfrog.cloud.qiyi.domain:80/api/npm/npm/qs/-/qs-6.7.0.tgz",
      "integrity": "sha1-QdwaAV49WB8WIXdr4xr7KHapsbw="
    },
    "raw-body": {
      "version": "2.4.0",
      "resolved": "http://jfrog.cloud.qiyi.domain:80/api/npm/npm/raw-body/-/raw-body-2.4.0.tgz",
      "integrity": "sha1-oc5vucm8NWylLoklarWQWeE9AzI=",
      "requires": {
        "bytes": "3.1.0",
        "http-errors": "1.7.2",
        "iconv-lite": "0.4.24",
        "unpipe": "1.0.0"
      }
    },
    "regexp-clone": {
      "version": "0.0.1",
      "resolved": "http://jfrog.cloud.qiyi.domain:80/api/npm/npm/regexp-clone/-/regexp-clone-0.0.1.tgz",
      "integrity": "sha1-p8LgmJH9vzj7sQ03b7cwA+aKxYk="
    },
    "require_optional": {
      "version": "1.0.1",
      "resolved": "http://jfrog.cloud.qiyi.domain:80/api/npm/npm/require_optional/-/require_optional-1.0.1.tgz",
      "integrity": "sha1-TPNaQkf2TKPfjC7yCMxJSxyo/C4=",
      "requires": {
        "resolve-from": "^2.0.0",
        "semver": "^5.1.0"
      }
    },
    "resolve-from": {
      "version": "2.0.0",
      "resolved": "http://jfrog.cloud.qiyi.domain:80/api/npm/npm/resolve-from/-/resolve-from-2.0.0.tgz",
      "integrity": "sha1-lICrIOlP+h2egKgEx+oUdhGWa1c="
    },
    "safe-buffer": {
      "version": "5.1.2",
      "resolved": "http://jfrog.cloud.qiyi.domain:80/api/npm/npm/safe-buffer/-/safe-buffer-5.1.2.tgz",
      "integrity": "sha1-mR7GnSluAxN0fVm9/St0XDX4go0="
    },
    "safer-buffer": {
      "version": "2.1.2",
      "resolved": "http://jfrog.cloud.qiyi.domain:80/api/npm/npm/safer-buffer/-/safer-buffer-2.1.2.tgz",
      "integrity": "sha1-RPoWGwGHuVSd2Eu5GAL5vYOFzWo="
    },
    "saslprep": {
      "version": "1.0.2",
      "resolved": "http://jfrog.cloud.qiyi.domain:80/api/npm/npm/saslprep/-/saslprep-1.0.2.tgz",
      "integrity": "sha1-2lq5NubqC7rpEf/sd1NL43DJ9S0=",
      "optional": true,
      "requires": {
        "sparse-bitfield": "^3.0.3"
      }
    },
    "semver": {
      "version": "5.7.0",
      "resolved": "http://jfrog.cloud.qiyi.domain:80/api/npm/npm/semver/-/semver-5.7.0.tgz",
      "integrity": "sha1-eQp89v6lRZuslhELKbYEEtyP+Ws="
    },
    "setprototypeof": {
      "version": "1.1.1",
      "resolved": "http://jfrog.cloud.qiyi.domain:80/api/npm/npm/setprototypeof/-/setprototypeof-1.1.1.tgz",
      "integrity": "sha1-fpWsskqpL1iF4KvvW6ExMw1K5oM="
    },
    "sift": {
      "version": "7.0.1",
      "resolved": "http://jfrog.cloud.qiyi.domain:80/api/npm/npm/sift/-/sift-7.0.1.tgz",
      "integrity": "sha1-R9YsULFZ0xbxNy+LU/nBDNIaSwg="
    },
    "sliced": {
      "version": "1.0.1",
      "resolved": "http://jfrog.cloud.qiyi.domain:80/api/npm/npm/sliced/-/sliced-1.0.1.tgz",
      "integrity": "sha1-CzpmK10Ewxd7GSa+qCsD+Dei70E="
    },
    "socket.io": {
      "version": "2.2.0",
      "resolved": "http://jfrog.cloud.qiyi.domain:80/api/npm/npm/socket.io/-/socket.io-2.2.0.tgz",
      "integrity": "sha1-8PYzFh72cSyXKzB1mOzQjJsbTVs=",
      "requires": {
        "debug": "~4.1.0",
        "engine.io": "~3.3.1",
        "has-binary2": "~1.0.2",
        "socket.io-adapter": "~1.1.0",
        "socket.io-client": "2.2.0",
        "socket.io-parser": "~3.3.0"
      },
      "dependencies": {
        "debug": {
          "version": "4.1.1",
          "resolved": "http://jfrog.cloud.qiyi.domain:80/api/npm/npm/debug/-/debug-4.1.1.tgz",
          "integrity": "sha1-O3ImAlUQnGtYnO4FDx1RYTlmR5E=",
          "requires": {
            "ms": "^2.1.1"
          }
        },
        "ms": {
          "version": "2.1.1",
          "resolved": "http://jfrog.cloud.qiyi.domain:80/api/npm/npm/ms/-/ms-2.1.1.tgz",
          "integrity": "sha1-MKWGTrPrsKZvLr5tcnrwagnYbgo="
        }
      }
    },
    "socket.io-adapter": {
      "version": "1.1.1",
      "resolved": "http://jfrog.cloud.qiyi.domain:80/api/npm/npm/socket.io-adapter/-/socket.io-adapter-1.1.1.tgz",
      "integrity": "sha1-KoBeihTWNyEk3ZFZrUUC+MsH8Gs="
    },
    "socket.io-client": {
      "version": "2.2.0",
      "resolved": "http://jfrog.cloud.qiyi.domain:80/api/npm/npm/socket.io-client/-/socket.io-client-2.2.0.tgz",
      "integrity": "sha1-hOc+48Q9UCDMwaJY+u65rsJyOvc=",
      "requires": {
        "backo2": "1.0.2",
        "base64-arraybuffer": "0.1.5",
        "component-bind": "1.0.0",
        "component-emitter": "1.2.1",
        "debug": "~3.1.0",
        "engine.io-client": "~3.3.1",
        "has-binary2": "~1.0.2",
        "has-cors": "1.1.0",
        "indexof": "0.0.1",
        "object-component": "0.0.3",
        "parseqs": "0.0.5",
        "parseuri": "0.0.5",
        "socket.io-parser": "~3.3.0",
        "to-array": "0.1.4"
      }
    },
    "socket.io-parser": {
      "version": "3.3.0",
      "resolved": "http://jfrog.cloud.qiyi.domain:80/api/npm/npm/socket.io-parser/-/socket.io-parser-3.3.0.tgz",
      "integrity": "sha1-K1KpalCf3zFEC6QP7WCUx9TxJi8=",
      "requires": {
        "component-emitter": "1.2.1",
        "debug": "~3.1.0",
        "isarray": "2.0.1"
      },
      "dependencies": {
        "isarray": {
          "version": "2.0.1",
          "resolved": "http://jfrog.cloud.qiyi.domain:80/api/npm/npm/isarray/-/isarray-2.0.1.tgz",
          "integrity": "sha1-o32U7ZzaLVmGXJ92/llu4fM4dB4="
        }
      }
    },
    "sparse-bitfield": {
      "version": "3.0.3",
      "resolved": "http://jfrog.cloud.qiyi.domain:80/api/npm/npm/sparse-bitfield/-/sparse-bitfield-3.0.3.tgz",
      "integrity": "sha1-/0rm5oZWBWuks+eSqzM004JzyhE=",
      "optional": true,
      "requires": {
        "memory-pager": "^1.0.2"
      }
    },
    "statuses": {
      "version": "1.5.0",
      "resolved": "http://jfrog.cloud.qiyi.domain:80/api/npm/npm/statuses/-/statuses-1.5.0.tgz",
      "integrity": "sha1-Fhx9rBd2Wf2YEfQ3cfqZOBR4Yow="
    },
    "to-array": {
      "version": "0.1.4",
      "resolved": "http://jfrog.cloud.qiyi.domain:80/api/npm/npm/to-array/-/to-array-0.1.4.tgz",
      "integrity": "sha1-F+bBH3PdTz10zaek/zI46a2b+JA="
    },
    "toidentifier": {
      "version": "1.0.0",
      "resolved": "http://jfrog.cloud.qiyi.domain:80/api/npm/npm/toidentifier/-/toidentifier-1.0.0.tgz",
      "integrity": "sha1-fhvjRw8ed5SLxD2Uo8j013UrpVM="
    },
    "type-is": {
      "version": "1.6.18",
      "resolved": "http://jfrog.cloud.qiyi.domain:80/api/npm/npm/type-is/-/type-is-1.6.18.tgz",
      "integrity": "sha1-TlUs0F3wlGfcvE73Od6J8s83wTE=",
      "requires": {
        "media-typer": "0.3.0",
        "mime-types": "~2.1.24"
      }
    },
    "unpipe": {
      "version": "1.0.0",
      "resolved": "http://jfrog.cloud.qiyi.domain:80/api/npm/npm/unpipe/-/unpipe-1.0.0.tgz",
      "integrity": "sha1-sr9O6FFKrmFltIF4KdIbLvSZBOw="
    },
    "urijs": {
      "version": "1.19.1",
      "resolved": "http://jfrog.cloud.qiyi.domain:80/api/npm/npm/urijs/-/urijs-1.19.1.tgz",
      "integrity": "sha1-Ww/1MMDL3oOG9jQiNbpcpumV0lo="
    },
    "vary": {
      "version": "1.1.2",
      "resolved": "http://jfrog.cloud.qiyi.domain:80/api/npm/npm/vary/-/vary-1.1.2.tgz",
      "integrity": "sha1-IpnwLG3tMNSllhsLn3RSShj2NPw="
    },
    "ws": {
      "version": "6.1.4",
      "resolved": "http://jfrog.cloud.qiyi.domain:80/api/npm/npm/ws/-/ws-6.1.4.tgz",
      "integrity": "sha1-W1yIAK+rkl6UzLKdFTyNAsF3bvk=",
      "requires": {
        "async-limiter": "~1.0.0"
      }
    },
    "xmlhttprequest-ssl": {
      "version": "1.5.5",
      "resolved": "http://jfrog.cloud.qiyi.domain:80/api/npm/npm/xmlhttprequest-ssl/-/xmlhttprequest-ssl-1.5.5.tgz",
      "integrity": "sha1-wodrBhaKrcQOV9l+gRkayPQ5iz4="
    },
    "yeast": {
      "version": "0.1.2",
      "resolved": "http://jfrog.cloud.qiyi.domain:80/api/npm/npm/yeast/-/yeast-0.1.2.tgz",
      "integrity": "sha1-AI4G2AlDIMNy28L47XagymyKxBk="
    },
    "ylru": {
      "version": "1.2.1",
      "resolved": "http://jfrog.cloud.qiyi.domain:80/api/npm/npm/ylru/-/ylru-1.2.1.tgz",
      "integrity": "sha1-9Xa2M0FUeYnB3nuiiHYJI7J/6E8="
    }
  }
}
